
Microsoft Visual Studio Solution File, Format Version 12.00
# Visual Studio Version 16
VisualStudioVersion = 16.0.31911.196
MinimumVisualStudioVersion = 10.0.40219.1
Project("{FAE04EC0-301F-11D3-BF4B-00C04F79EFBC}") = "WeatherForecast", "WeatherForecast.csproj", "{42183A43-1EF0-4596-93B4-9FBDD89B4FE8}"
EndProject
Global
	GlobalSection(SolutionConfigurationPlatforms) = preSolution
		Debug|Any CPU = Debug|Any CPU
		Release|Any CPU = Release|Any CPU
	EndGlobalSection
	GlobalSection(ProjectConfigurationPlatforms) = postSolution
		{42183A43-1EF0-4596-93B4-9FBDD89B4FE8}.Debug|Any CPU.ActiveCfg = Debug|Any CPU
		{42183A43-1EF0-4596-93B4-9FBDD89B4FE8}.Debug|Any CPU.Build.0 = Debug|Any CPU
		{42183A43-1EF0-4596-93B4-9FBDD89B4FE8}.Release|Any CPU.ActiveCfg = Release|Any CPU
		{42183A43-1EF0-4596-93B4-9FBDD89B4FE8}.Release|Any CPU.Build.0 = Release|Any CPU
	EndGlobalSection
	GlobalSection(SolutionProperties) = preSolution
		HideSolutionNode = FALSE
	EndGlobalSection
	GlobalSection(ExtensibilityGlobals) = postSolution
		SolutionGuid = {26C35F0D-9EFD-43B2-BB67-C412C445C9E2}
	EndGlobalSection
EndGlobal
